
Microsoft Visual Studio Solution File, Format Version 12.00
# Visual Studio Version 17
VisualStudioVersion = 17.9.34622.214
MinimumVisualStudioVersion = 10.0.40219.1
Project("{FAE04EC0-301F-11D3-BF4B-00C04F79EFBC}") = "OP10.1", "OP10.1\OP10.1.csproj", "{78921F5B-B8AE-4443-9207-97F230FEFDFF}"
EndProject
Global
	GlobalSection(SolutionConfigurationPlatforms) = preSolution
		Debug|Any CPU = Debug|Any CPU
		Release|Any CPU = Release|Any CPU
	EndGlobalSection
	GlobalSection(ProjectConfigurationPlatforms) = postSolution
		{78921F5B-B8AE-4443-9207-97F230FEFDFF}.Debug|Any CPU.ActiveCfg = Debug|Any CPU
		{78921F5B-B8AE-4443-9207-97F230FEFDFF}.Debug|Any CPU.Build.0 = Debug|Any CPU
		{78921F5B-B8AE-4443-9207-97F230FEFDFF}.Release|Any CPU.ActiveCfg = Release|Any CPU
		{78921F5B-B8AE-4443-9207-97F230FEFDFF}.Release|Any CPU.Build.0 = Release|Any CPU
	EndGlobalSection
	GlobalSection(SolutionProperties) = preSolution
		HideSolutionNode = FALSE
	EndGlobalSection
	GlobalSection(ExtensibilityGlobals) = postSolution
		SolutionGuid = {DFF09595-3071-4F39-BB2B-C9B4F95F26BD}
	EndGlobalSection
EndGlobal
